
Microsoft Visual Studio Solution File, Format Version 12.00
Project("{FAE04EC0-301F-11D3-BF4B-00C04F79EFBC}") = "ComposableCollections.Crdt", "ComposableCollections.Crdt\ComposableCollections.Crdt.csproj", "{99B7A6F7-55FC-4438-95A2-3233E00A85A0}"
EndProject
Project("{9A19103F-16F7-4668-BE54-9A1E7A4F7556}") = "_build", "..\build\_build.csproj", "{8A3E5CBE-B9BE-423D-BEAD-CAC6C7C49F62}"
EndProject
Global
	GlobalSection(SolutionConfigurationPlatforms) = preSolution
		Debug|Any CPU = Debug|Any CPU
		Release|Any CPU = Release|Any CPU
	EndGlobalSection
	GlobalSection(ProjectConfigurationPlatforms) = postSolution
		{8A3E5CBE-B9BE-423D-BEAD-CAC6C7C49F62}.Debug|Any CPU.ActiveCfg = Debug|Any CPU
		{8A3E5CBE-B9BE-423D-BEAD-CAC6C7C49F62}.Release|Any CPU.ActiveCfg = Release|Any CPU
		{99B7A6F7-55FC-4438-95A2-3233E00A85A0}.Debug|Any CPU.ActiveCfg = Debug|Any CPU
		{99B7A6F7-55FC-4438-95A2-3233E00A85A0}.Debug|Any CPU.Build.0 = Debug|Any CPU
		{99B7A6F7-55FC-4438-95A2-3233E00A85A0}.Release|Any CPU.ActiveCfg = Release|Any CPU
		{99B7A6F7-55FC-4438-95A2-3233E00A85A0}.Release|Any CPU.Build.0 = Release|Any CPU
	EndGlobalSection
EndGlobal
